
Microsoft Visual Studio Solution File, Format Version 12.00
# Visual Studio 15
Project("{FAE04EC0-301F-11D3-BF4B-00C04F79EFBC}") = "MyLogin.Android", "MyLogin.Android\MyLogin.Android.csproj", "{67851A2B-D0F7-4F9B-A88A-BB86D5FEEB16}"
EndProject
Project("{FAE04EC0-301F-11D3-BF4B-00C04F79EFBC}") = "MyLogin.iOS", "MyLogin.iOS\MyLogin.iOS.csproj", "{91BCB15C-CFFB-4A30-B38F-1B1516DF24F1}"
EndProject
Project("{FAE04EC0-301F-11D3-BF4B-00C04F79EFBC}") = "MyLogin", "MyLogin\MyLogin.csproj", "{A7BCBA49-EC5A-4176-AE90-36A65BC10CA5}"
EndProject
Global
	GlobalSection(SolutionConfigurationPlatforms) = preSolution
		Debug|Any CPU = Debug|Any CPU
		Release|Any CPU = Release|Any CPU
		Debug|iPhoneSimulator = Debug|iPhoneSimulator
		Release|iPhoneSimulator = Release|iPhoneSimulator
		Debug|iPhone = Debug|iPhone
		Release|iPhone = Release|iPhone
		Ad-Hoc|iPhone = Ad-Hoc|iPhone
		AppStore|iPhone = AppStore|iPhone
	EndGlobalSection
	GlobalSection(ProjectConfigurationPlatforms) = postSolution
		{67851A2B-D0F7-4F9B-A88A-BB86D5FEEB16}.Debug|Any CPU.ActiveCfg = Debug|Any CPU
		{67851A2B-D0F7-4F9B-A88A-BB86D5FEEB16}.Debug|Any CPU.Build.0 = Debug|Any CPU
		{67851A2B-D0F7-4F9B-A88A-BB86D5FEEB16}.Release|Any CPU.ActiveCfg = Release|Any CPU
		{67851A2B-D0F7-4F9B-A88A-BB86D5FEEB16}.Release|Any CPU.Build.0 = Release|Any CPU
		{67851A2B-D0F7-4F9B-A88A-BB86D5FEEB16}.Debug|iPhoneSimulator.ActiveCfg = Debug|Any CPU
		{67851A2B-D0F7-4F9B-A88A-BB86D5FEEB16}.Debug|iPhoneSimulator.Build.0 = Debug|Any CPU
		{67851A2B-D0F7-4F9B-A88A-BB86D5FEEB16}.Release|iPhoneSimulator.ActiveCfg = Release|Any CPU
		{67851A2B-D0F7-4F9B-A88A-BB86D5FEEB16}.Release|iPhoneSimulator.Build.0 = Release|Any CPU
		{67851A2B-D0F7-4F9B-A88A-BB86D5FEEB16}.Debug|iPhone.ActiveCfg = Debug|Any CPU
		{67851A2B-D0F7-4F9B-A88A-BB86D5FEEB16}.Debug|iPhone.Build.0 = Debug|Any CPU
		{67851A2B-D0F7-4F9B-A88A-BB86D5FEEB16}.Release|iPhone.ActiveCfg = Release|Any CPU
		{67851A2B-D0F7-4F9B-A88A-BB86D5FEEB16}.Release|iPhone.Build.0 = Release|Any CPU
		{67851A2B-D0F7-4F9B-A88A-BB86D5FEEB16}.Ad-Hoc|iPhone.ActiveCfg = Debug|Any CPU
		{67851A2B-D0F7-4F9B-A88A-BB86D5FEEB16}.Ad-Hoc|iPhone.Build.0 = Debug|Any CPU
		{67851A2B-D0F7-4F9B-A88A-BB86D5FEEB16}.AppStore|iPhone.ActiveCfg = Debug|Any CPU
		{67851A2B-D0F7-4F9B-A88A-BB86D5FEEB16}.AppStore|iPhone.Build.0 = Debug|Any CPU
		{91BCB15C-CFFB-4A30-B38F-1B1516DF24F1}.Debug|Any CPU.ActiveCfg = Debug|iPhoneSimulator
		{91BCB15C-CFFB-4A30-B38F-1B1516DF24F1}.Debug|Any CPU.Build.0 = Debug|iPhoneSimulator
		{91BCB15C-CFFB-4A30-B38F-1B1516DF24F1}.Release|Any CPU.ActiveCfg = Release|iPhoneSimulator
		{91BCB15C-CFFB-4A30-B38F-1B1516DF24F1}.Release|Any CPU.Build.0 = Release|iPhoneSimulator
		{91BCB15C-CFFB-4A30-B38F-1B1516DF24F1}.Debug|iPhoneSimulator.ActiveCfg = Debug|iPhoneSimulator
		{91BCB15C-CFFB-4A30-B38F-1B1516DF24F1}.Debug|iPhoneSimulator.Build.0 = Debug|iPhoneSimulator
		{91BCB15C-CFFB-4A30-B38F-1B1516DF24F1}.Release|iPhoneSimulator.ActiveCfg = Release|iPhoneSimulator
		{91BCB15C-CFFB-4A30-B38F-1B1516DF24F1}.Release|iPhoneSimulator.Build.0 = Release|iPhoneSimulator
		{91BCB15C-CFFB-4A30-B38F-1B1516DF24F1}.Debug|iPhone.ActiveCfg = Debug|iPhone
		{91BCB15C-CFFB-4A30-B38F-1B1516DF24F1}.Debug|iPhone.Build.0 = Debug|iPhone
		{91BCB15C-CFFB-4A30-B38F-1B1516DF24F1}.Release|iPhone.ActiveCfg = Release|iPhone
		{91BCB15C-CFFB-4A30-B38F-1B1516DF24F1}.Release|iPhone.Build.0 = Release|iPhone
		{91BCB15C-CFFB-4A30-B38F-1B1516DF24F1}.Ad-Hoc|iPhone.ActiveCfg = Ad-Hoc|iPhone
		{91BCB15C-CFFB-4A30-B38F-1B1516DF24F1}.Ad-Hoc|iPhone.Build.0 = Ad-Hoc|iPhone
		{91BCB15C-CFFB-4A30-B38F-1B1516DF24F1}.AppStore|iPhone.ActiveCfg = AppStore|iPhone
		{91BCB15C-CFFB-4A30-B38F-1B1516DF24F1}.AppStore|iPhone.Build.0 = AppStore|iPhone
		{A7BCBA49-EC5A-4176-AE90-36A65BC10CA5}.Debug|Any CPU.ActiveCfg = Debug|Any CPU
		{A7BCBA49-EC5A-4176-AE90-36A65BC10CA5}.Debug|Any CPU.Build.0 = Debug|Any CPU
		{A7BCBA49-EC5A-4176-AE90-36A65BC10CA5}.Release|Any CPU.ActiveCfg = Release|Any CPU
		{A7BCBA49-EC5A-4176-AE90-36A65BC10CA5}.Release|Any CPU.Build.0 = Release|Any CPU
		{A7BCBA49-EC5A-4176-AE90-36A65BC10CA5}.Debug|iPhoneSimulator.ActiveCfg = Debug|Any CPU
		{A7BCBA49-EC5A-4176-AE90-36A65BC10CA5}.Debug|iPhoneSimulator.Build.0 = Debug|Any CPU
		{A7BCBA49-EC5A-4176-AE90-36A65BC10CA5}.Release|iPhoneSimulator.ActiveCfg = Release|Any CPU
		{A7BCBA49-EC5A-4176-AE90-36A65BC10CA5}.Release|iPhoneSimulator.Build.0 = Release|Any CPU
		{A7BCBA49-EC5A-4176-AE90-36A65BC10CA5}.Debug|iPhone.ActiveCfg = Debug|Any CPU
		{A7BCBA49-EC5A-4176-AE90-36A65BC10CA5}.Debug|iPhone.Build.0 = Debug|Any CPU
		{A7BCBA49-EC5A-4176-AE90-36A65BC10CA5}.Release|iPhone.ActiveCfg = Release|Any CPU
		{A7BCBA49-EC5A-4176-AE90-36A65BC10CA5}.Release|iPhone.Build.0 = Release|Any CPU
		{A7BCBA49-EC5A-4176-AE90-36A65BC10CA5}.Ad-Hoc|iPhone.ActiveCfg = Debug|Any CPU
		{A7BCBA49-EC5A-4176-AE90-36A65BC10CA5}.Ad-Hoc|iPhone.Build.0 = Debug|Any CPU
		{A7BCBA49-EC5A-4176-AE90-36A65BC10CA5}.AppStore|iPhone.ActiveCfg = Debug|Any CPU
		{A7BCBA49-EC5A-4176-AE90-36A65BC10CA5}.AppStore|iPhone.Build.0 = Debug|Any CPU
	EndGlobalSection
EndGlobal
